
Microsoft Visual Studio Solution File, Format Version 12.00
# Visual Studio Version 17
VisualStudioVersion = 17.7.34018.315
MinimumVisualStudioVersion = 10.0.40219.1
Project("{FAE04EC0-301F-11D3-BF4B-00C04F79EFBC}") = "MenhelyTerkepAdmin", "MenhelyTerkepAdmin.csproj", "{443FDC1A-9AAB-4BFE-AA68-D9169B080AFD}"
EndProject
Project("{54435603-DBB4-11D2-8724-00A0C9A8B90C}") = "MenhelyTérképAdmin", "..\MenhelyTérképAdmin\MenhelyTérképAdmin.vdproj", "{8582E442-0F05-434D-9513-A16284C6F365}"
EndProject
Global
	GlobalSection(SolutionConfigurationPlatforms) = preSolution
		Debug|Any CPU = Debug|Any CPU
		Release|Any CPU = Release|Any CPU
	EndGlobalSection
	GlobalSection(ProjectConfigurationPlatforms) = postSolution
		{443FDC1A-9AAB-4BFE-AA68-D9169B080AFD}.Debug|Any CPU.ActiveCfg = Debug|Any CPU
		{443FDC1A-9AAB-4BFE-AA68-D9169B080AFD}.Debug|Any CPU.Build.0 = Debug|Any CPU
		{443FDC1A-9AAB-4BFE-AA68-D9169B080AFD}.Release|Any CPU.ActiveCfg = Release|Any CPU
		{443FDC1A-9AAB-4BFE-AA68-D9169B080AFD}.Release|Any CPU.Build.0 = Release|Any CPU
		{8582E442-0F05-434D-9513-A16284C6F365}.Debug|Any CPU.ActiveCfg = Debug
		{8582E442-0F05-434D-9513-A16284C6F365}.Release|Any CPU.ActiveCfg = Release
	EndGlobalSection
	GlobalSection(SolutionProperties) = preSolution
		HideSolutionNode = FALSE
	EndGlobalSection
	GlobalSection(ExtensibilityGlobals) = postSolution
		SolutionGuid = {1042489B-AB65-4163-948A-DC21531091CC}
	EndGlobalSection
EndGlobal
